// !$*UTF8*$!
{
	archiveVersion = 1;
	classes = {
	};
	objectVersion = 50;
	objects = {

/* Begin PBXBuildFile section */
		525BD188246052A9009652C0 /* AppDelegate.swift in Sources */ = {isa = PBXBuildFile; fileRef = 525BD187246052A9009652C0 /* AppDelegate.swift */; };
		525BD18A246052A9009652C0 /* ViewController.swift in Sources */ = {isa = PBXBuildFile; fileRef = 525BD189246052A9009652C0 /* ViewController.swift */; };
		525BD190246052A9009652C0 /* TelstraPOCApp.xcdatamodeld in Sources */ = {isa = PBXBuildFile; fileRef = 525BD18E246052A9009652C0 /* TelstraPOCApp.xcdatamodeld */; };
		525BD192246052B6009652C0 /* Assets.xcassets in Resources */ = {isa = PBXBuildFile; fileRef = 525BD191246052B6009652C0 /* Assets.xcassets */; };
		525BD195246052B6009652C0 /* LaunchScreen.storyboard in Resources */ = {isa = PBXBuildFile; fileRef = 525BD193246052B6009652C0 /* LaunchScreen.storyboard */; };
		525BD1A0246052B7009652C0 /* TelstraPOCAppTests.swift in Sources */ = {isa = PBXBuildFile; fileRef = 525BD19F246052B7009652C0 /* TelstraPOCAppTests.swift */; };
		525BD1AB246052B7009652C0 /* TelstraPOCAppUITests.swift in Sources */ = {isa = PBXBuildFile; fileRef = 525BD1AA246052B7009652C0 /* TelstraPOCAppUITests.swift */; };
/* End PBXBuildFile section */

/* Begin PBXContainerItemProxy section */
		525BD19C246052B7009652C0 /* PBXContainerItemProxy */ = {
			isa = PBXContainerItemProxy;
			containerPortal = 525BD17C246052A9009652C0 /* Project object */;
			proxyType = 1;
			remoteGlobalIDString = 525BD183246052A9009652C0;
			remoteInfo = TelstraPOCApp;
		};
		525BD1A7246052B7009652C0 /* PBXContainerItemProxy */ = {
			isa = PBXContainerItemProxy;
			containerPortal = 525BD17C246052A9009652C0 /* Project object */;
			proxyType = 1;
			remoteGlobalIDString = 525BD183246052A9009652C0;
			remoteInfo = TelstraPOCApp;
		};
/* End PBXContainerItemProxy section */

/* Begin PBXFileReference section */
		525BD184246052A9009652C0 /* TelstraPOCApp.app */ = {isa = PBXFileReference; explicitFileType = wrapper.application; includeInIndex = 0; path = TelstraPOCApp.app; sourceTree = BUILT_PRODUCTS_DIR; };
		525BD187246052A9009652C0 /* AppDelegate.swift */ = {isa = PBXFileReference; lastKnownFileType = sourcecode.swift; path = AppDelegate.swift; sourceTree = "<group>"; };
		525BD189246052A9009652C0 /* ViewController.swift */ = {isa = PBXFileReference; lastKnownFileType = sourcecode.swift; path = ViewController.swift; sourceTree = "<group>"; };
		525BD18F246052A9009652C0 /* TelstraPOCApp.xcdatamodel */ = {isa = PBXFileReference; lastKnownFileType = wrapper.xcdatamodel; path = TelstraPOCApp.xcdatamodel; sourceTree = "<group>"; };
		525BD191246052B6009652C0 /* Assets.xcassets */ = {isa = PBXFileReference; lastKnownFileType = folder.assetcatalog; path = Assets.xcassets; sourceTree = "<group>"; };
		525BD194246052B6009652C0 /* Base */ = {isa = PBXFileReference; lastKnownFileType = file.storyboard; name = Base; path = Base.lproj/LaunchScreen.storyboard; sourceTree = "<group>"; };
		525BD196246052B6009652C0 /* Info.plist */ = {isa = PBXFileReference; lastKnownFileType = text.plist.xml; path = Info.plist; sourceTree = "<group>"; };
		525BD19B246052B7009652C0 /* TelstraPOCAppTests.xctest */ = {isa = PBXFileReference; explicitFileType = wrapper.cfbundle; includeInIndex = 0; path = TelstraPOCAppTests.xctest; sourceTree = BUILT_PRODUCTS_DIR; };
		525BD19F246052B7009652C0 /* TelstraPOCAppTests.swift */ = {isa = PBXFileReference; lastKnownFileType = sourcecode.swift; path = TelstraPOCAppTests.swift; sourceTree = "<group>"; };
		525BD1A1246052B7009652C0 /* Info.plist */ = {isa = PBXFileReference; lastKnownFileType = text.plist.xml; path = Info.plist; sourceTree = "<group>"; };
		525BD1A6246052B7009652C0 /* TelstraPOCAppUITests.xctest */ = {isa = PBXFileReference; explicitFileType = wrapper.cfbundle; includeInIndex = 0; path = TelstraPOCAppUITests.xctest; sourceTree = BUILT_PRODUCTS_DIR; };
		525BD1AA246052B7009652C0 /* TelstraPOCAppUITests.swift */ = {isa = PBXFileReference; lastKnownFileType = sourcecode.swift; path = TelstraPOCAppUITests.swift; sourceTree = "<group>"; };
		525BD1AC246052B7009652C0 /* Info.plist */ = {isa = PBXFileReference; lastKnownFileType = text.plist.xml; path = Info.plist; sourceTree = "<group>"; };
/* End PBXFileReference section */

/* Begin PBXFrameworksBuildPhase section */
		525BD181246052A9009652C0 /* Frameworks */ = {
			isa = PBXFrameworksBuildPhase;
			buildActionMask = 2147483647;
			files = (
			);
			runOnlyForDeploymentPostprocessing = 0;
		};
		525BD198246052B7009652C0 /* Frameworks */ = {
			isa = PBXFrameworksBuildPhase;
			buildActionMask = 2147483647;
			files = (
			);
			runOnlyForDeploymentPostprocessing = 0;
		};
		525BD1A3246052B7009652C0 /* Frameworks */ = {
			isa = PBXFrameworksBuildPhase;
			buildActionMask = 2147483647;
			files = (
			);
			runOnlyForDeploymentPostprocessing = 0;
		};
/* End PBXFrameworksBuildPhase section */

/* Begin PBXGroup section */
		525BD17B246052A9009652C0 = {
			isa = PBXGroup;
			children = (
				525BD186246052A9009652C0 /* TelstraPOCApp */,
				525BD19E246052B7009652C0 /* TelstraPOCAppTests */,
				525BD1A9246052B7009652C0 /* TelstraPOCAppUITests */,
				525BD185246052A9009652C0 /* Products */,
			);
			sourceTree = "<group>";
		};
		525BD185246052A9009652C0 /* Products */ = {
			isa = PBXGroup;
			children = (
				525BD184246052A9009652C0 /* TelstraPOCApp.app */,
				525BD19B246052B7009652C0 /* TelstraPOCAppTests.xctest */,
				525BD1A6246052B7009652C0 /* TelstraPOCAppUITests.xctest */,
			);
			name = Products;
			sourceTree = "<group>";
		};
		525BD186246052A9009652C0 /* TelstraPOCApp */ = {
			isa = PBXGroup;
			children = (
				525BD187246052A9009652C0 /* AppDelegate.swift */,
				525BD189246052A9009652C0 /* ViewController.swift */,
				525BD191246052B6009652C0 /* Assets.xcassets */,
				525BD193246052B6009652C0 /* LaunchScreen.storyboard */,
				525BD196246052B6009652C0 /* Info.plist */,
				525BD18E246052A9009652C0 /* TelstraPOCApp.xcdatamodeld */,
			);
			path = TelstraPOCApp;
			sourceTree = "<group>";
		};
		525BD19E246052B7009652C0 /* TelstraPOCAppTests */ = {
			isa = PBXGroup;
			children = (
				525BD19F246052B7009652C0 /* TelstraPOCAppTests.swift */,
				525BD1A1246052B7009652C0 /* Info.plist */,
			);
			path = TelstraPOCAppTests;
			sourceTree = "<group>";
		};
		525BD1A9246052B7009652C0 /* TelstraPOCAppUITests */ = {
			isa = PBXGroup;
			children = (
				525BD1AA246052B7009652C0 /* TelstraPOCAppUITests.swift */,
				525BD1AC246052B7009652C0 /* Info.plist */,
			);
			path = TelstraPOCAppUITests;
			sourceTree = "<group>";
		};
/* End PBXGroup section */

/* Begin PBXNativeTarget section */
		525BD183246052A9009652C0 /* TelstraPOCApp */ = {
			isa = PBXNativeTarget;
			buildConfigurationList = 525BD1AF246052B7009652C0 /* Build configuration list for PBXNativeTarget "TelstraPOCApp" */;
			buildPhases = (
				525BD180246052A9009652C0 /* Sources */,
				525BD181246052A9009652C0 /* Frameworks */,
				525BD182246052A9009652C0 /* Resources */,
			);
			buildRules = (
			);
			dependencies = (
			);
			name = TelstraPOCApp;
			productName = TelstraPOCApp;
			productReference = 525BD184246052A9009652C0 /* TelstraPOCApp.app */;
			productType = "com.apple.product-type.application";
		};
		525BD19A246052B7009652C0 /* TelstraPOCAppTests */ = {
			isa = PBXNativeTarget;
			buildConfigurationList = 525BD1B2246052B7009652C0 /* Build configuration list for PBXNativeTarget "TelstraPOCAppTests" */;
			buildPhases = (
				525BD197246052B7009652C0 /* Sources */,
				525BD198246052B7009652C0 /* Frameworks */,
				525BD199246052B7009652C0 /* Resources */,
			);
			buildRules = (
			);
			dependencies = (
				525BD19D246052B7009652C0 /* PBXTargetDependency */,
			);
			name = TelstraPOCAppTests;
			productName = TelstraPOCAppTests;
			productReference = 525BD19B246052B7009652C0 /* TelstraPOCAppTests.xctest */;
			productType = "com.apple.product-type.bundle.unit-test";
		};
		525BD1A5246052B7009652C0 /* TelstraPOCAppUITests */ = {
			isa = PBXNativeTarget;
			buildConfigurationList = 525BD1B5246052B7009652C0 /* Build configuration list for PBXNativeTarget "TelstraPOCAppUITests" */;
			buildPhases = (
				525BD1A2246052B7009652C0 /* Sources */,
				525BD1A3246052B7009652C0 /* Frameworks */,
				525BD1A4246052B7009652C0 /* Resources */,
			);
			buildRules = (
			);
			dependencies = (
				525BD1A8246052B7009652C0 /* PBXTargetDependency */,
			);
			name = TelstraPOCAppUITests;
			productName = TelstraPOCAppUITests;
			productReference = 525BD1A6246052B7009652C0 /* TelstraPOCAppUITests.xctest */;
			productType = "com.apple.product-type.bundle.ui-testing";
		};
/* End PBXNativeTarget section */

/* Begin PBXProject section */
		525BD17C246052A9009652C0 /* Project object */ = {
			isa = PBXProject;
			attributes = {
				LastSwiftUpdateCheck = 1020;
				LastUpgradeCheck = 1020;
				ORGANIZATIONNAME = "Tech Mahindra";
				TargetAttributes = {
					525BD183246052A9009652C0 = {
						CreatedOnToolsVersion = 10.2.1;
					};
					525BD19A246052B7009652C0 = {
						CreatedOnToolsVersion = 10.2.1;
						TestTargetID = 525BD183246052A9009652C0;
					};
					525BD1A5246052B7009652C0 = {
						CreatedOnToolsVersion = 10.2.1;
						TestTargetID = 525BD183246052A9009652C0;
					};
				};
			};
			buildConfigurationList = 525BD17F246052A9009652C0 /* Build configuration list for PBXProject "TelstraPOCApp" */;
			compatibilityVersion = "Xcode 9.3";
			developmentRegion = en;
			hasScannedForEncodings = 0;
			knownRegions = (
				en,
				Base,
			);
			mainGroup = 525BD17B246052A9009652C0;
			productRefGroup = 525BD185246052A9009652C0 /* Products */;
			projectDirPath = "";
			projectRoot = "";
			targets = (
				525BD183246052A9009652C0 /* TelstraPOCApp */,
				525BD19A246052B7009652C0 /* TelstraPOCAppTests */,
				525BD1A5246052B7009652C0 /* TelstraPOCAppUITests */,
			);
		};
/* End PBXProject section */

/* Begin PBXResourcesBuildPhase section */
		525BD182246052A9009652C0 /* Resources */ = {
			isa = PBXResourcesBuildPhase;
			buildActionMask = 2147483647;
			files = (
				525BD195246052B6009652C0 /* LaunchScreen.storyboard in Resources */,
				525BD192246052B6009652C0 /* Assets.xcassets in Resources */,
			);
			runOnlyForDeploymentPostprocessing = 0;
		};
		525BD199246052B7009652C0 /* Resources */ = {
			isa = PBXResourcesBuildPhase;
			buildActionMask = 2147483647;
			files = (
			);
			runOnlyForDeploymentPostprocessing = 0;
		};
		525BD1A4246052B7009652C0 /* Resources */ = {
			isa = PBXResourcesBuildPhase;
			buildActionMask = 2147483647;
			files = (
			);
			runOnlyForDeploymentPostprocessing = 0;
		};
/* End PBXResourcesBuildPhase section */

/* Begin PBXSourcesBuildPhase section */
		525BD180246052A9009652C0 /* Sources */ = {
			isa = PBXSourcesBuildPhase;
			buildActionMask = 2147483647;
			files = (
				525BD18A246052A9009652C0 /* ViewController.swift in Sources */,
				525BD190246052A9009652C0 /* TelstraPOCApp.xcdatamodeld in Sources */,
				525BD188246052A9009652C0 /* AppDelegate.swift in Sources */,
			);
			runOnlyForDeploymentPostprocessing = 0;
		};
		525BD197246052B7009652C0 /* Sources */ = {
			isa = PBXSourcesBuildPhase;
			buildActionMask = 2147483647;
			files = (
				525BD1A0246052B7009652C0 /* TelstraPOCAppTests.swift in Sources */,
			);
			runOnlyForDeploymentPostprocessing = 0;
		};
		525BD1A2246052B7009652C0 /* Sources */ = {
			isa = PBXSourcesBuildPhase;
			buildActionMask = 2147483647;
			files = (
				525BD1AB246052B7009652C0 /* TelstraPOCAppUITests.swift in Sources */,
			);
			runOnlyForDeploymentPostprocessing = 0;
		};
/* End PBXSourcesBuildPhase section */

/* Begin PBXTargetDependency section */
		525BD19D246052B7009652C0 /* PBXTargetDependency */ = {
			isa = PBXTargetDependency;
			target = 525BD183246052A9009652C0 /* TelstraPOCApp */;
			targetProxy = 525BD19C246052B7009652C0 /* PBXContainerItemProxy */;
		};
		525BD1A8246052B7009652C0 /* PBXTargetDependency */ = {
			isa = PBXTargetDependency;
			target = 525BD183246052A9009652C0 /* TelstraPOCApp */;
			targetProxy = 525BD1A7246052B7009652C0 /* PBXContainerItemProxy */;
		};
/* End PBXTargetDependency section */

/* Begin PBXVariantGroup section */
		525BD193246052B6009652C0 /* LaunchScreen.storyboard */ = {
			isa = PBXVariantGroup;
			children = (
				525BD194246052B6009652C0 /* Base */,
			);
			name = LaunchScreen.storyboard;
			sourceTree = "<group>";
		};
/* End PBXVariantGroup section */

/* Begin XCBuildConfiguration section */
		525BD1AD246052B7009652C0 /* Debug */ = {
			isa = XCBuildConfiguration;
			buildSettings = {
				ALWAYS_SEARCH_USER_PATHS = NO;
				CLANG_ANALYZER_NONNULL = YES;
				CLANG_ANALYZER_NUMBER_OBJECT_CONVERSION = YES_AGGRESSIVE;
				CLANG_CXX_LANGUAGE_STANDARD = "gnu++14";
				CLANG_CXX_LIBRARY = "libc++";
				CLANG_ENABLE_MODULES = YES;
				CLANG_ENABLE_OBJC_ARC = YES;
				CLANG_ENABLE_OBJC_WEAK = YES;
				CLANG_WARN_BLOCK_CAPTURE_AUTORELEASING = YES;
				CLANG_WARN_BOOL_CONVERSION = YES;
				CLANG_WARN_COMMA = YES;
				CLANG_WARN_CONSTANT_CONVERSION = YES;
				CLANG_WARN_DEPRECATED_OBJC_IMPLEMENTATIONS = YES;
				CLANG_WARN_DIRECT_OBJC_ISA_USAGE = YES_ERROR;
				CLANG_WARN_DOCUMENTATION_COMMENTS = YES;
				CLANG_WARN_EMPTY_BODY = YES;
				CLANG_WARN_ENUM_CONVERSION = YES;
				CLANG_WARN_INFINITE_RECURSION = YES;
				CLANG_WARN_INT_CONVERSION = YES;
				CLANG_WARN_NON_LITERAL_NULL_CONVERSION = YES;
				CLANG_WARN_OBJC_IMPLICIT_RETAIN_SELF = YES;
				CLANG_WARN_OBJC_LITERAL_CONVERSION = YES;
				CLANG_WARN_OBJC_ROOT_CLASS = YES_ERROR;
				CLANG_WARN_RANGE_LOOP_ANALYSIS = YES;
				CLANG_WARN_STRICT_PROTOTYPES = YES;
				CLANG_WARN_SUSPICIOUS_MOVE = YES;
				CLANG_WARN_UNGUARDED_AVAILABILITY = YES_AGGRESSIVE;
				CLANG_WARN_UNREACHABLE_CODE = YES;
				CLANG_WARN__DUPLICATE_METHOD_MATCH = YES;
				CODE_SIGN_IDENTITY = "iPhone Developer";
				COPY_PHASE_STRIP = NO;
				DEBUG_INFORMATION_FORMAT = dwarf;
				ENABLE_STRICT_OBJC_MSGSEND = YES;
				ENABLE_TESTABILITY = YES;
				GCC_C_LANGUAGE_STANDARD = gnu11;
				GCC_DYNAMIC_NO_PIC = NO;
				GCC_NO_COMMON_BLOCKS = YES;
				GCC_OPTIMIZATION_LEVEL = 0;
				GCC_PREPROCESSOR_DEFINITIONS = (
					"DEBUG=1",
					"$(inherited)",
				);
				GCC_WARN_64_TO_32_BIT_CONVERSION = YES;
				GCC_WARN_ABOUT_RETURN_TYPE = YES_ERROR;
				GCC_WARN_UNDECLARED_SELECTOR = YES;
				GCC_WARN_UNINITIALIZED_AUTOS = YES_AGGRESSIVE;
				GCC_WARN_UNUSED_FUNCTION = YES;
				GCC_WARN_UNUSED_VARIABLE = YES;
				IPHONEOS_DEPLOYMENT_TARGET = 12.2;
				MTL_ENABLE_DEBUG_INFO = INCLUDE_SOURCE;
				MTL_FAST_MATH = YES;
				ONLY_ACTIVE_ARCH = YES;
				SDKROOT = iphoneos;
				SWIFT_ACTIVE_COMPILATION_CONDITIONS = DEBUG;
				SWIFT_OPTIMIZATION_LEVEL = "-Onone";
			};
			name = Debug;
		};
		525BD1AE246052B7009652C0 /* Release */ = {
			isa = XCBuildConfiguration;
			buildSettings = {
				ALWAYS_SEARCH_USER_PATHS = NO;
				CLANG_ANALYZER_NONNULL = YES;
				CLANG_ANALYZER_NUMBER_OBJECT_CONVERSION = YES_AGGRESSIVE;
				CLANG_CXX_LANGUAGE_STANDARD = "gnu++14";
				CLANG_CXX_LIBRARY = "libc++";
				CLANG_ENABLE_MODULES = YES;
				CLANG_ENABLE_OBJC_ARC = YES;
				CLANG_ENABLE_OBJC_WEAK = YES;
				CLANG_WARN_BLOCK_CAPTURE_AUTORELEASING = YES;
				CLANG_WARN_BOOL_CONVERSION = YES;
				CLANG_WARN_COMMA = YES;
				CLANG_WARN_CONSTANT_CONVERSION = YES;
				CLANG_WARN_DEPRECATED_OBJC_IMPLEMENTATIONS = YES;
				CLANG_WARN_DIRECT_OBJC_ISA_USAGE = YES_ERROR;
				CLANG_WARN_DOCUMENTATION_COMMENTS = YES;
				CLANG_WARN_EMPTY_BODY = YES;
				CLANG_WARN_ENUM_CONVERSION = YES;
				CLANG_WARN_INFINITE_RECURSION = YES;
				CLANG_WARN_INT_CONVERSION = YES;
				CLANG_WARN_NON_LITERAL_NULL_CONVERSION = YES;
				CLANG_WARN_OBJC_IMPLICIT_RETAIN_SELF = YES;
				CLANG_WARN_OBJC_LITERAL_CONVERSION = YES;
				CLANG_WARN_OBJC_ROOT_CLASS = YES_ERROR;
				CLANG_WARN_RANGE_LOOP_ANALYSIS = YES;
				CLANG_WARN_STRICT_PROTOTYPES = YES;
				CLANG_WARN_SUSPICIOUS_MOVE = YES;
				CLANG_WARN_UNGUARDED_AVAILABILITY = YES_AGGRESSIVE;
				CLANG_WARN_UNREACHABLE_CODE = YES;
				CLANG_WARN__DUPLICATE_METHOD_MATCH = YES;
				CODE_SIGN_IDENTITY = "iPhone Developer";
				COPY_PHASE_STRIP = NO;
				DEBUG_INFORMATION_FORMAT = "dwarf-with-dsym";
				ENABLE_NS_ASSERTIONS = NO;
				ENABLE_STRICT_OBJC_MSGSEND = YES;
				GCC_C_LANGUAGE_STANDARD = gnu11;
				GCC_NO_COMMON_BLOCKS = YES;
				GCC_WARN_64_TO_32_BIT_CONVERSION = YES;
				GCC_WARN_ABOUT_RETURN_TYPE = YES_ERROR;
				GCC_WARN_UNDECLARED_SELECTOR = YES;
				GCC_WARN_UNINITIALIZED_AUTOS = YES_AGGRESSIVE;
				GCC_WARN_UNUSED_FUNCTION = YES;
				GCC_WARN_UNUSED_VARIABLE = YES;
				IPHONEOS_DEPLOYMENT_TARGET = 12.2;
				MTL_ENABLE_DEBUG_INFO = NO;
				MTL_FAST_MATH = YES;
				SDKROOT = iphoneos;
				SWIFT_COMPILATION_MODE = wholemodule;
				SWIFT_OPTIMIZATION_LEVEL = "-O";
				VALIDATE_PRODUCT = YES;
			};
			name = Release;
		};
		525BD1B0246052B7009652C0 /* Debug */ = {
			isa = XCBuildConfiguration;
			buildSettings = {
				ASSETCATALOG_COMPILER_APPICON_NAME = AppIcon;
				CODE_SIGN_STYLE = Automatic;
				INFOPLIST_FILE = TelstraPOCApp/Info.plist;
				LD_RUNPATH_SEARCH_PATHS = (
					"$(inherited)",
					"@executable_path/Frameworks",
				);
				PRODUCT_BUNDLE_IDENTIFIER = Nikhil.TelstraPOCApp;
				PRODUCT_NAME = "$(TARGET_NAME)";
				SWIFT_VERSION = 5.0;
				TARGETED_DEVICE_FAMILY = "1,2";
			};
			name = Debug;
		};
		525BD1B1246052B7009652C0 /* Release */ = {
			isa = XCBuildConfiguration;
			buildSettings = {
				ASSETCATALOG_COMPILER_APPICON_NAME = AppIcon;
				CODE_SIGN_STYLE = Automatic;
				INFOPLIST_FILE = TelstraPOCApp/Info.plist;
				LD_RUNPATH_SEARCH_PATHS = (
					"$(inherited)",
					"@executable_path/Frameworks",
				);
				PRODUCT_BUNDLE_IDENTIFIER = Nikhil.TelstraPOCApp;
				PRODUCT_NAME = "$(TARGET_NAME)";
				SWIFT_VERSION = 5.0;
				TARGETED_DEVICE_FAMILY = "1,2";
			};
			name = Release;
		};
		525BD1B3246052B7009652C0 /* Debug */ = {
			isa = XCBuildConfiguration;
			buildSettings = {
				ALWAYS_EMBED_SWIFT_STANDARD_LIBRARIES = YES;
				BUNDLE_LOADER = "$(TEST_HOST)";
				CODE_SIGN_STYLE = Automatic;
				INFOPLIST_FILE = TelstraPOCAppTests/Info.plist;
				LD_RUNPATH_SEARCH_PATHS = (
					"$(inherited)",
					"@executable_path/Frameworks",
					"@loader_path/Frameworks",
				);
				PRODUCT_BUNDLE_IDENTIFIER = Nikhil.TelstraPOCAppTests;
				PRODUCT_NAME = "$(TARGET_NAME)";
				SWIFT_VERSION = 5.0;
				TARGETED_DEVICE_FAMILY = "1,2";
				TEST_HOST = "$(BUILT_PRODUCTS_DIR)/TelstraPOCApp.app/TelstraPOCApp";
			};
			name = Debug;
		};
		525BD1B4246052B7009652C0 /* Release */ = {
			isa = XCBuildConfiguration;
			buildSettings = {
				ALWAYS_EMBED_SWIFT_STANDARD_LIBRARIES = YES;
				BUNDLE_LOADER = "$(TEST_HOST)";
				CODE_SIGN_STYLE = Automatic;
				INFOPLIST_FILE = TelstraPOCAppTests/Info.plist;
				LD_RUNPATH_SEARCH_PATHS = (
					"$(inherited)",
					"@executable_path/Frameworks",
					"@loader_path/Frameworks",
				);
				PRODUCT_BUNDLE_IDENTIFIER = Nikhil.TelstraPOCAppTests;
				PRODUCT_NAME = "$(TARGET_NAME)";
				SWIFT_VERSION = 5.0;
				TARGETED_DEVICE_FAMILY = "1,2";
				TEST_HOST = "$(BUILT_PRODUCTS_DIR)/TelstraPOCApp.app/TelstraPOCApp";
			};
			name = Release;
		};
		525BD1B6246052B7009652C0 /* Debug */ = {
			isa = XCBuildConfiguration;
			buildSettings = {
				ALWAYS_EMBED_SWIFT_STANDARD_LIBRARIES = YES;
				CODE_SIGN_STYLE = Automatic;
				INFOPLIST_FILE = TelstraPOCAppUITests/Info.plist;
				LD_RUNPATH_SEARCH_PATHS = (
					"$(inherited)",
					"@executable_path/Frameworks",
					"@loader_path/Frameworks",
				);
				PRODUCT_BUNDLE_IDENTIFIER = Nikhil.TelstraPOCAppUITests;
				PRODUCT_NAME = "$(TARGET_NAME)";
				SWIFT_VERSION = 5.0;
				TARGETED_DEVICE_FAMILY = "1,2";
				TEST_TARGET_NAME = TelstraPOCApp;
			};
			name = Debug;
		};
		525BD1B7246052B7009652C0 /* Release */ = {
			isa = XCBuildConfiguration;
			buildSettings = {
				ALWAYS_EMBED_SWIFT_STANDARD_LIBRARIES = YES;
				CODE_SIGN_STYLE = Automatic;
				INFOPLIST_FILE = TelstraPOCAppUITests/Info.plist;
				LD_RUNPATH_SEARCH_PATHS = (
					"$(inherited)",
					"@executable_path/Frameworks",
					"@loader_path/Frameworks",
				);
				PRODUCT_BUNDLE_IDENTIFIER = Nikhil.TelstraPOCAppUITests;
				PRODUCT_NAME = "$(TARGET_NAME)";
				SWIFT_VERSION = 5.0;
				TARGETED_DEVICE_FAMILY = "1,2";
				TEST_TARGET_NAME = TelstraPOCApp;
			};
			name = Release;
		};
/* End XCBuildConfiguration section */

/* Begin XCConfigurationList section */
		525BD17F246052A9009652C0 /* Build configuration list for PBXProject "TelstraPOCApp" */ = {
			isa = XCConfigurationList;
			buildConfigurations = (
				525BD1AD246052B7009652C0 /* Debug */,
				525BD1AE246052B7009652C0 /* Release */,
			);
			defaultConfigurationIsVisible = 0;
			defaultConfigurationName = Release;
		};
		525BD1AF246052B7009652C0 /* Build configuration list for PBXNativeTarget "TelstraPOCApp" */ = {
			isa = XCConfigurationList;
			buildConfigurations = (
				525BD1B0246052B7009652C0 /* Debug */,
				525BD1B1246052B7009652C0 /* Release */,
			);
			defaultConfigurationIsVisible = 0;
			defaultConfigurationName = Release;
		};
		525BD1B2246052B7009652C0 /* Build configuration list for PBXNativeTarget "TelstraPOCAppTests" */ = {
			isa = XCConfigurationList;
			buildConfigurations = (
				525BD1B3246052B7009652C0 /* Debug */,
				525BD1B4246052B7009652C0 /* Release */,
			);
			defaultConfigurationIsVisible = 0;
			defaultConfigurationName = Release;
		};
		525BD1B5246052B7009652C0 /* Build configuration list for PBXNativeTarget "TelstraPOCAppUITests" */ = {
			isa = XCConfigurationList;
			buildConfigurations = (
				525BD1B6246052B7009652C0 /* Debug */,
				525BD1B7246052B7009652C0 /* Release */,
			);
			defaultConfigurationIsVisible = 0;
			defaultConfigurationName = Release;
		};
/* End XCConfigurationList section */

/* Begin XCVersionGroup section */
		525BD18E246052A9009652C0 /* TelstraPOCApp.xcdatamodeld */ = {
			isa = XCVersionGroup;
			children = (
				525BD18F246052A9009652C0 /* TelstraPOCApp.xcdatamodel */,
			);
			currentVersion = 525BD18F246052A9009652C0 /* TelstraPOCApp.xcdatamodel */;
			path = TelstraPOCApp.xcdatamodeld;
			sourceTree = "<group>";
			versionGroupType = wrapper.xcdatamodel;
		};
/* End XCVersionGroup section */
	};
	rootObject = 525BD17C246052A9009652C0 /* Project object */;
}
